
Microsoft Visual Studio Solution File, Format Version 12.00
# Visual Studio 15
VisualStudioVersion = 15.0.26730.16
MinimumVisualStudioVersion = 10.0.40219.1
Project("{8BC9CEB8-8B4A-11D0-8D11-00A0C91BC942}") = "web-cache", "web-cache\web-cache.vcxproj", "{C1E20C84-8FE1-4379-9543-283D59C6AFFC}"
EndProject
Global
	GlobalSection(SolutionConfigurationPlatforms) = preSolution
		Debug|x64 = Debug|x64
		Debug|x86 = Debug|x86
		Release|x64 = Release|x64
		Release|x86 = Release|x86
	EndGlobalSection
	GlobalSection(ProjectConfigurationPlatforms) = postSolution
		{C1E20C84-8FE1-4379-9543-283D59C6AFFC}.Debug|x64.ActiveCfg = Debug|x64
		{C1E20C84-8FE1-4379-9543-283D59C6AFFC}.Debug|x64.Build.0 = Debug|x64
		{C1E20C84-8FE1-4379-9543-283D59C6AFFC}.Debug|x86.ActiveCfg = Debug|Win32
		{C1E20C84-8FE1-4379-9543-283D59C6AFFC}.Debug|x86.Build.0 = Debug|Win32
		{C1E20C84-8FE1-4379-9543-283D59C6AFFC}.Release|x64.ActiveCfg = Release|x64
		{C1E20C84-8FE1-4379-9543-283D59C6AFFC}.Release|x64.Build.0 = Release|x64
		{C1E20C84-8FE1-4379-9543-283D59C6AFFC}.Release|x86.ActiveCfg = Release|Win32
		{C1E20C84-8FE1-4379-9543-283D59C6AFFC}.Release|x86.Build.0 = Release|Win32
	EndGlobalSection
	GlobalSection(SolutionProperties) = preSolution
		HideSolutionNode = FALSE
	EndGlobalSection
	GlobalSection(ExtensibilityGlobals) = postSolution
		SolutionGuid = {4B563360-F6D6-47B6-9E17-D4A0D23C32BB}
	EndGlobalSection
EndGlobal
